{
  "name": "swaggerservice",
  "version": "0.0.1",
  "lockfileVersion": 1,
  "requires": true,
  "dependencies": {
    "fastify-plugin": {
      "version": "1.0.1",
      "resolved": "https://registry.npmjs.org/fastify-plugin/-/fastify-plugin-1.0.1.tgz",
      "integrity": "sha512-p0VDvSmvAwSvEurMTp0nZDJEXCSkL48UO7s4Il/ZpCpythWbYJ7T/NWaiqEc19WzOXVgxcOlRP8s1ZaWWNMu9w==",
      "requires": {
        "semver": "5.5.0"
      }
    },
    "semver": {
      "version": "5.5.0",
      "resolved": "https://registry.npmjs.org/semver/-/semver-5.5.0.tgz",
      "integrity": "sha512-4SJ3dm0WAwWy/NVeioZh5AntkdJoWKxHxcmyP622fOkgHa4z3R0TdBJICINyaSDE6uNwVc8gZr+ZinwZAH4xIA=="
    }
  }
}
